
Microsoft Visual Studio Solution File, Format Version 12.00
# Visual Studio Version 17
VisualStudioVersion = 17.7.34031.279
MinimumVisualStudioVersion = 10.0.40219.1
Project("{9A19103F-16F7-4668-BE54-9A1E7A4F7556}") = "StoreManagement", "StoreManagement\StoreManagement.csproj", "{B800507C-F1D4-4852-855D-CB449226C6B9}"
EndProject
Global
	GlobalSection(SolutionConfigurationPlatforms) = preSolution
		Debug|Any CPU = Debug|Any CPU
		Release|Any CPU = Release|Any CPU
	EndGlobalSection
	GlobalSection(ProjectConfigurationPlatforms) = postSolution
		{B800507C-F1D4-4852-855D-CB449226C6B9}.Debug|Any CPU.ActiveCfg = Debug|Any CPU
		{B800507C-F1D4-4852-855D-CB449226C6B9}.Debug|Any CPU.Build.0 = Debug|Any CPU
		{B800507C-F1D4-4852-855D-CB449226C6B9}.Release|Any CPU.ActiveCfg = Release|Any CPU
		{B800507C-F1D4-4852-855D-CB449226C6B9}.Release|Any CPU.Build.0 = Release|Any CPU
	EndGlobalSection
	GlobalSection(SolutionProperties) = preSolution
		HideSolutionNode = FALSE
	EndGlobalSection
	GlobalSection(ExtensibilityGlobals) = postSolution
		SolutionGuid = {6BC98FE3-CF3A-4C00-A822-12361449571B}
	EndGlobalSection
EndGlobal
